// !$*UTF8*$!
{
	archiveVersion = 1;
	classes = {
	};
	objectVersion = 46;
	objects = {

/* Begin PBXBuildFile section */
		185957F31B32C8ED007B5D12 /* LineBresenham.m in Sources */ = {isa = PBXBuildFile; fileRef = 185957F21B32C8ED007B5D12 /* LineBresenham.m */; };
		185A73B21B32B53000D1869B /* AppDelegate.m in Sources */ = {isa = PBXBuildFile; fileRef = 185A73B11B32B53000D1869B /* AppDelegate.m */; };
		185A73B41B32B53000D1869B /* main.m in Sources */ = {isa = PBXBuildFile; fileRef = 185A73B31B32B53000D1869B /* main.m */; };
		185A73B71B32B53000D1869B /* ViewController.m in Sources */ = {isa = PBXBuildFile; fileRef = 185A73B61B32B53000D1869B /* ViewController.m */; };
		185A73B91B32B53000D1869B /* Images.xcassets in Resources */ = {isa = PBXBuildFile; fileRef = 185A73B81B32B53000D1869B /* Images.xcassets */; };
		185A73BC1B32B53000D1869B /* Main.storyboard in Resources */ = {isa = PBXBuildFile; fileRef = 185A73BA1B32B53000D1869B /* Main.storyboard */; };
		185A73C81B32B53000D1869B /* CGSampleTests.m in Sources */ = {isa = PBXBuildFile; fileRef = 185A73C71B32B53000D1869B /* CGSampleTests.m */; };
		185A73D21B32B55100D1869B /* OpenGL.framework in Frameworks */ = {isa = PBXBuildFile; fileRef = 185A73D11B32B55100D1869B /* OpenGL.framework */; };
		185A73D41B32B55900D1869B /* GLUT.framework in Frameworks */ = {isa = PBXBuildFile; fileRef = 185A73D31B32B55900D1869B /* GLUT.framework */; };
		185A73D71B32BB8A00D1869B /* LineDDA.m in Sources */ = {isa = PBXBuildFile; fileRef = 185A73D61B32BB8A00D1869B /* LineDDA.m */; };
/* End PBXBuildFile section */

/* Begin PBXContainerItemProxy section */
		185A73C21B32B53000D1869B /* PBXContainerItemProxy */ = {
			isa = PBXContainerItemProxy;
			containerPortal = 185A73A31B32B53000D1869B /* Project object */;
			proxyType = 1;
			remoteGlobalIDString = 185A73AA1B32B53000D1869B;
			remoteInfo = CGSample;
		};
/* End PBXContainerItemProxy section */

/* Begin PBXFileReference section */
		185957F11B32C8ED007B5D12 /* LineBresenham.h */ = {isa = PBXFileReference; fileEncoding = 4; lastKnownFileType = sourcecode.c.h; name = LineBresenham.h; path = Line/LineBresenham.h; sourceTree = "<group>"; };
		185957F21B32C8ED007B5D12 /* LineBresenham.m */ = {isa = PBXFileReference; fileEncoding = 4; lastKnownFileType = sourcecode.c.objc; name = LineBresenham.m; path = Line/LineBresenham.m; sourceTree = "<group>"; };
		185A73AB1B32B53000D1869B /* CGSample.app */ = {isa = PBXFileReference; explicitFileType = wrapper.application; includeInIndex = 0; path = CGSample.app; sourceTree = BUILT_PRODUCTS_DIR; };
		185A73AF1B32B53000D1869B /* Info.plist */ = {isa = PBXFileReference; lastKnownFileType = text.plist.xml; path = Info.plist; sourceTree = "<group>"; };
		185A73B01B32B53000D1869B /* AppDelegate.h */ = {isa = PBXFileReference; lastKnownFileType = sourcecode.c.h; path = AppDelegate.h; sourceTree = "<group>"; };
		185A73B11B32B53000D1869B /* AppDelegate.m */ = {isa = PBXFileReference; lastKnownFileType = sourcecode.c.objc; path = AppDelegate.m; sourceTree = "<group>"; };
		185A73B31B32B53000D1869B /* main.m */ = {isa = PBXFileReference; lastKnownFileType = sourcecode.c.objc; path = main.m; sourceTree = "<group>"; };
		185A73B51B32B53000D1869B /* ViewController.h */ = {isa = PBXFileReference; lastKnownFileType = sourcecode.c.h; path = ViewController.h; sourceTree = "<group>"; };
		185A73B61B32B53000D1869B /* ViewController.m */ = {isa = PBXFileReference; lastKnownFileType = sourcecode.c.objc; path = ViewController.m; sourceTree = "<group>"; };
		185A73B81B32B53000D1869B /* Images.xcassets */ = {isa = PBXFileReference; lastKnownFileType = folder.assetcatalog; path = Images.xcassets; sourceTree = "<group>"; };
		185A73BB1B32B53000D1869B /* Base */ = {isa = PBXFileReference; lastKnownFileType = file.storyboard; name = Base; path = Base.lproj/Main.storyboard; sourceTree = "<group>"; };
		185A73C11B32B53000D1869B /* CGSampleTests.xctest */ = {isa = PBXFileReference; explicitFileType = wrapper.cfbundle; includeInIndex = 0; path = CGSampleTests.xctest; sourceTree = BUILT_PRODUCTS_DIR; };
		185A73C61B32B53000D1869B /* Info.plist */ = {isa = PBXFileReference; lastKnownFileType = text.plist.xml; path = Info.plist; sourceTree = "<group>"; };
		185A73C71B32B53000D1869B /* CGSampleTests.m */ = {isa = PBXFileReference; lastKnownFileType = sourcecode.c.objc; path = CGSampleTests.m; sourceTree = "<group>"; };
		185A73D11B32B55100D1869B /* OpenGL.framework */ = {isa = PBXFileReference; lastKnownFileType = wrapper.framework; name = OpenGL.framework; path = System/Library/Frameworks/OpenGL.framework; sourceTree = SDKROOT; };
		185A73D31B32B55900D1869B /* GLUT.framework */ = {isa = PBXFileReference; lastKnownFileType = wrapper.framework; name = GLUT.framework; path = System/Library/Frameworks/GLUT.framework; sourceTree = SDKROOT; };
		185A73D51B32BB8A00D1869B /* LineDDA.h */ = {isa = PBXFileReference; fileEncoding = 4; lastKnownFileType = sourcecode.c.h; name = LineDDA.h; path = Line/LineDDA.h; sourceTree = "<group>"; };
		185A73D61B32BB8A00D1869B /* LineDDA.m */ = {isa = PBXFileReference; fileEncoding = 4; lastKnownFileType = sourcecode.c.objc; name = LineDDA.m; path = Line/LineDDA.m; sourceTree = "<group>"; };
/* End PBXFileReference section */

/* Begin PBXFrameworksBuildPhase section */
		185A73A81B32B53000D1869B /* Frameworks */ = {
			isa = PBXFrameworksBuildPhase;
			buildActionMask = 2147483647;
			files = (
				185A73D41B32B55900D1869B /* GLUT.framework in Frameworks */,
				185A73D21B32B55100D1869B /* OpenGL.framework in Frameworks */,
			);
			runOnlyForDeploymentPostprocessing = 0;
		};
		185A73BE1B32B53000D1869B /* Frameworks */ = {
			isa = PBXFrameworksBuildPhase;
			buildActionMask = 2147483647;
			files = (
			);
			runOnlyForDeploymentPostprocessing = 0;
		};
/* End PBXFrameworksBuildPhase section */

/* Begin PBXGroup section */
		185A73A21B32B53000D1869B = {
			isa = PBXGroup;
			children = (
				185A73D31B32B55900D1869B /* GLUT.framework */,
				185A73D11B32B55100D1869B /* OpenGL.framework */,
				185A73AD1B32B53000D1869B /* CGSample */,
				185A73C41B32B53000D1869B /* CGSampleTests */,
				185A73AC1B32B53000D1869B /* Products */,
			);
			sourceTree = "<group>";
			usesTabs = 1;
		};
		185A73AC1B32B53000D1869B /* Products */ = {
			isa = PBXGroup;
			children = (
				185A73AB1B32B53000D1869B /* CGSample.app */,
				185A73C11B32B53000D1869B /* CGSampleTests.xctest */,
			);
			name = Products;
			sourceTree = "<group>";
		};
		185A73AD1B32B53000D1869B /* CGSample */ = {
			isa = PBXGroup;
			children = (
				185A73B01B32B53000D1869B /* AppDelegate.h */,
				185A73B11B32B53000D1869B /* AppDelegate.m */,
				185A73B51B32B53000D1869B /* ViewController.h */,
				185A73B61B32B53000D1869B /* ViewController.m */,
				185A73B81B32B53000D1869B /* Images.xcassets */,
				185A73BA1B32B53000D1869B /* Main.storyboard */,
				185A73AE1B32B53000D1869B /* Supporting Files */,
				185A73D51B32BB8A00D1869B /* LineDDA.h */,
				185A73D61B32BB8A00D1869B /* LineDDA.m */,
				185957F11B32C8ED007B5D12 /* LineBresenham.h */,
				185957F21B32C8ED007B5D12 /* LineBresenham.m */,
			);
			path = CGSample;
			sourceTree = "<group>";
		};
		185A73AE1B32B53000D1869B /* Supporting Files */ = {
			isa = PBXGroup;
			children = (
				185A73AF1B32B53000D1869B /* Info.plist */,
				185A73B31B32B53000D1869B /* main.m */,
			);
			name = "Supporting Files";
			sourceTree = "<group>";
		};
		185A73C41B32B53000D1869B /* CGSampleTests */ = {
			isa = PBXGroup;
			children = (
				185A73C71B32B53000D1869B /* CGSampleTests.m */,
				185A73C51B32B53000D1869B /* Supporting Files */,
			);
			path = CGSampleTests;
			sourceTree = "<group>";
		};
		185A73C51B32B53000D1869B /* Supporting Files */ = {
			isa = PBXGroup;
			children = (
				185A73C61B32B53000D1869B /* Info.plist */,
			);
			name = "Supporting Files";
			sourceTree = "<group>";
		};
/* End PBXGroup section */

/* Begin PBXNativeTarget section */
		185A73AA1B32B53000D1869B /* CGSample */ = {
			isa = PBXNativeTarget;
			buildConfigurationList = 185A73CB1B32B53000D1869B /* Build configuration list for PBXNativeTarget "CGSample" */;
			buildPhases = (
				185A73A71B32B53000D1869B /* Sources */,
				185A73A81B32B53000D1869B /* Frameworks */,
				185A73A91B32B53000D1869B /* Resources */,
			);
			buildRules = (
			);
			dependencies = (
			);
			name = CGSample;
			productName = CGSample;
			productReference = 185A73AB1B32B53000D1869B /* CGSample.app */;
			productType = "com.apple.product-type.application";
		};
		185A73C01B32B53000D1869B /* CGSampleTests */ = {
			isa = PBXNativeTarget;
			buildConfigurationList = 185A73CE1B32B53000D1869B /* Build configuration list for PBXNativeTarget "CGSampleTests" */;
			buildPhases = (
				185A73BD1B32B53000D1869B /* Sources */,
				185A73BE1B32B53000D1869B /* Frameworks */,
				185A73BF1B32B53000D1869B /* Resources */,
			);
			buildRules = (
			);
			dependencies = (
				185A73C31B32B53000D1869B /* PBXTargetDependency */,
			);
			name = CGSampleTests;
			productName = CGSampleTests;
			productReference = 185A73C11B32B53000D1869B /* CGSampleTests.xctest */;
			productType = "com.apple.product-type.bundle.unit-test";
		};
/* End PBXNativeTarget section */

/* Begin PBXProject section */
		185A73A31B32B53000D1869B /* Project object */ = {
			isa = PBXProject;
			attributes = {
				LastUpgradeCheck = 0620;
				ORGANIZATIONNAME = "Su Xin";
				TargetAttributes = {
					185A73AA1B32B53000D1869B = {
						CreatedOnToolsVersion = 6.2;
					};
					185A73C01B32B53000D1869B = {
						CreatedOnToolsVersion = 6.2;
						TestTargetID = 185A73AA1B32B53000D1869B;
					};
				};
			};
			buildConfigurationList = 185A73A61B32B53000D1869B /* Build configuration list for PBXProject "CGSample" */;
			compatibilityVersion = "Xcode 3.2";
			developmentRegion = English;
			hasScannedForEncodings = 0;
			knownRegions = (
				en,
				Base,
			);
			mainGroup = 185A73A21B32B53000D1869B;
			productRefGroup = 185A73AC1B32B53000D1869B /* Products */;
			projectDirPath = "";
			projectRoot = "";
			targets = (
				185A73AA1B32B53000D1869B /* CGSample */,
				185A73C01B32B53000D1869B /* CGSampleTests */,
			);
		};
/* End PBXProject section */

/* Begin PBXResourcesBuildPhase section */
		185A73A91B32B53000D1869B /* Resources */ = {
			isa = PBXResourcesBuildPhase;
			buildActionMask = 2147483647;
			files = (
				185A73B91B32B53000D1869B /* Images.xcassets in Resources */,
				185A73BC1B32B53000D1869B /* Main.storyboard in Resources */,
			);
			runOnlyForDeploymentPostprocessing = 0;
		};
		185A73BF1B32B53000D1869B /* Resources */ = {
			isa = PBXResourcesBuildPhase;
			buildActionMask = 2147483647;
			files = (
			);
			runOnlyForDeploymentPostprocessing = 0;
		};
/* End PBXResourcesBuildPhase section */

/* Begin PBXSourcesBuildPhase section */
		185A73A71B32B53000D1869B /* Sources */ = {
			isa = PBXSourcesBuildPhase;
			buildActionMask = 2147483647;
			files = (
				185957F31B32C8ED007B5D12 /* LineBresenham.m in Sources */,
				185A73B71B32B53000D1869B /* ViewController.m in Sources */,
				185A73D71B32BB8A00D1869B /* LineDDA.m in Sources */,
				185A73B41B32B53000D1869B /* main.m in Sources */,
				185A73B21B32B53000D1869B /* AppDelegate.m in Sources */,
			);
			runOnlyForDeploymentPostprocessing = 0;
		};
		185A73BD1B32B53000D1869B /* Sources */ = {
			isa = PBXSourcesBuildPhase;
			buildActionMask = 2147483647;
			files = (
				185A73C81B32B53000D1869B /* CGSampleTests.m in Sources */,
			);
			runOnlyForDeploymentPostprocessing = 0;
		};
/* End PBXSourcesBuildPhase section */

/* Begin PBXTargetDependency section */
		185A73C31B32B53000D1869B /* PBXTargetDependency */ = {
			isa = PBXTargetDependency;
			target = 185A73AA1B32B53000D1869B /* CGSample */;
			targetProxy = 185A73C21B32B53000D1869B /* PBXContainerItemProxy */;
		};
/* End PBXTargetDependency section */

/* Begin PBXVariantGroup section */
		185A73BA1B32B53000D1869B /* Main.storyboard */ = {
			isa = PBXVariantGroup;
			children = (
				185A73BB1B32B53000D1869B /* Base */,
			);
			name = Main.storyboard;
			sourceTree = "<group>";
		};
/* End PBXVariantGroup section */

/* Begin XCBuildConfiguration section */
		185A73C91B32B53000D1869B /* Debug */ = {
			isa = XCBuildConfiguration;
			buildSettings = {
				ALWAYS_SEARCH_USER_PATHS = NO;
				CLANG_CXX_LANGUAGE_STANDARD = "gnu++0x";
				CLANG_CXX_LIBRARY = "libc++";
				CLANG_ENABLE_MODULES = YES;
				CLANG_ENABLE_OBJC_ARC = YES;
				CLANG_WARN_BOOL_CONVERSION = YES;
				CLANG_WARN_CONSTANT_CONVERSION = YES;
				CLANG_WARN_DIRECT_OBJC_ISA_USAGE = YES_ERROR;
				CLANG_WARN_EMPTY_BODY = YES;
				CLANG_WARN_ENUM_CONVERSION = YES;
				CLANG_WARN_INT_CONVERSION = YES;
				CLANG_WARN_OBJC_ROOT_CLASS = YES_ERROR;
				CLANG_WARN_UNREACHABLE_CODE = YES;
				CLANG_WARN__DUPLICATE_METHOD_MATCH = YES;
				CODE_SIGN_IDENTITY = "-";
				COPY_PHASE_STRIP = NO;
				ENABLE_STRICT_OBJC_MSGSEND = YES;
				GCC_C_LANGUAGE_STANDARD = gnu99;
				GCC_DYNAMIC_NO_PIC = NO;
				GCC_OPTIMIZATION_LEVEL = 0;
				GCC_PREPROCESSOR_DEFINITIONS = (
					"DEBUG=1",
					"$(inherited)",
				);
				GCC_SYMBOLS_PRIVATE_EXTERN = NO;
				GCC_WARN_64_TO_32_BIT_CONVERSION = YES;
				GCC_WARN_ABOUT_RETURN_TYPE = YES_ERROR;
				GCC_WARN_UNDECLARED_SELECTOR = YES;
				GCC_WARN_UNINITIALIZED_AUTOS = YES_AGGRESSIVE;
				GCC_WARN_UNUSED_FUNCTION = YES;
				GCC_WARN_UNUSED_VARIABLE = YES;
				MACOSX_DEPLOYMENT_TARGET = 10.10;
				MTL_ENABLE_DEBUG_INFO = YES;
				ONLY_ACTIVE_ARCH = YES;
				SDKROOT = macosx;
			};
			name = Debug;
		};
		185A73CA1B32B53000D1869B /* Release */ = {
			isa = XCBuildConfiguration;
			buildSettings = {
				ALWAYS_SEARCH_USER_PATHS = NO;
				CLANG_CXX_LANGUAGE_STANDARD = "gnu++0x";
				CLANG_CXX_LIBRARY = "libc++";
				CLANG_ENABLE_MODULES = YES;
				CLANG_ENABLE_OBJC_ARC = YES;
				CLANG_WARN_BOOL_CONVERSION = YES;
				CLANG_WARN_CONSTANT_CONVERSION = YES;
				CLANG_WARN_DIRECT_OBJC_ISA_USAGE = YES_ERROR;
				CLANG_WARN_EMPTY_BODY = YES;
				CLANG_WARN_ENUM_CONVERSION = YES;
				CLANG_WARN_INT_CONVERSION = YES;
				CLANG_WARN_OBJC_ROOT_CLASS = YES_ERROR;
				CLANG_WARN_UNREACHABLE_CODE = YES;
				CLANG_WARN__DUPLICATE_METHOD_MATCH = YES;
				CODE_SIGN_IDENTITY = "-";
				COPY_PHASE_STRIP = NO;
				DEBUG_INFORMATION_FORMAT = "dwarf-with-dsym";
				ENABLE_NS_ASSERTIONS = NO;
				ENABLE_STRICT_OBJC_MSGSEND = YES;
				GCC_C_LANGUAGE_STANDARD = gnu99;
				GCC_WARN_64_TO_32_BIT_CONVERSION = YES;
				GCC_WARN_ABOUT_RETURN_TYPE = YES_ERROR;
				GCC_WARN_UNDECLARED_SELECTOR = YES;
				GCC_WARN_UNINITIALIZED_AUTOS = YES_AGGRESSIVE;
				GCC_WARN_UNUSED_FUNCTION = YES;
				GCC_WARN_UNUSED_VARIABLE = YES;
				MACOSX_DEPLOYMENT_TARGET = 10.10;
				MTL_ENABLE_DEBUG_INFO = NO;
				SDKROOT = macosx;
			};
			name = Release;
		};
		185A73CC1B32B53000D1869B /* Debug */ = {
			isa = XCBuildConfiguration;
			buildSettings = {
				ASSETCATALOG_COMPILER_APPICON_NAME = AppIcon;
				COMBINE_HIDPI_IMAGES = YES;
				INFOPLIST_FILE = CGSample/Info.plist;
				LD_RUNPATH_SEARCH_PATHS = "$(inherited) @executable_path/../Frameworks";
				PRODUCT_NAME = "$(TARGET_NAME)";
			};
			name = Debug;
		};
		185A73CD1B32B53000D1869B /* Release */ = {
			isa = XCBuildConfiguration;
			buildSettings = {
				ASSETCATALOG_COMPILER_APPICON_NAME = AppIcon;
				COMBINE_HIDPI_IMAGES = YES;
				INFOPLIST_FILE = CGSample/Info.plist;
				LD_RUNPATH_SEARCH_PATHS = "$(inherited) @executable_path/../Frameworks";
				PRODUCT_NAME = "$(TARGET_NAME)";
			};
			name = Release;
		};
		185A73CF1B32B53000D1869B /* Debug */ = {
			isa = XCBuildConfiguration;
			buildSettings = {
				BUNDLE_LOADER = "$(TEST_HOST)";
				COMBINE_HIDPI_IMAGES = YES;
				FRAMEWORK_SEARCH_PATHS = (
					"$(DEVELOPER_FRAMEWORKS_DIR)",
					"$(inherited)",
				);
				GCC_PREPROCESSOR_DEFINITIONS = (
					"DEBUG=1",
					"$(inherited)",
				);
				INFOPLIST_FILE = CGSampleTests/Info.plist;
				LD_RUNPATH_SEARCH_PATHS = "$(inherited) @executable_path/../Frameworks @loader_path/../Frameworks";
				PRODUCT_NAME = "$(TARGET_NAME)";
				TEST_HOST = "$(BUILT_PRODUCTS_DIR)/CGSample.app/Contents/MacOS/CGSample";
			};
			name = Debug;
		};
		185A73D01B32B53000D1869B /* Release */ = {
			isa = XCBuildConfiguration;
			buildSettings = {
				BUNDLE_LOADER = "$(TEST_HOST)";
				COMBINE_HIDPI_IMAGES = YES;
				FRAMEWORK_SEARCH_PATHS = (
					"$(DEVELOPER_FRAMEWORKS_DIR)",
					"$(inherited)",
				);
				INFOPLIST_FILE = CGSampleTests/Info.plist;
				LD_RUNPATH_SEARCH_PATHS = "$(inherited) @executable_path/../Frameworks @loader_path/../Frameworks";
				PRODUCT_NAME = "$(TARGET_NAME)";
				TEST_HOST = "$(BUILT_PRODUCTS_DIR)/CGSample.app/Contents/MacOS/CGSample";
			};
			name = Release;
		};
/* End XCBuildConfiguration section */

/* Begin XCConfigurationList section */
		185A73A61B32B53000D1869B /* Build configuration list for PBXProject "CGSample" */ = {
			isa = XCConfigurationList;
			buildConfigurations = (
				185A73C91B32B53000D1869B /* Debug */,
				185A73CA1B32B53000D1869B /* Release */,
			);
			defaultConfigurationIsVisible = 0;
			defaultConfigurationName = Release;
		};
		185A73CB1B32B53000D1869B /* Build configuration list for PBXNativeTarget "CGSample" */ = {
			isa = XCConfigurationList;
			buildConfigurations = (
				185A73CC1B32B53000D1869B /* Debug */,
				185A73CD1B32B53000D1869B /* Release */,
			);
			defaultConfigurationIsVisible = 0;
			defaultConfigurationName = Release;
		};
		185A73CE1B32B53000D1869B /* Build configuration list for PBXNativeTarget "CGSampleTests" */ = {
			isa = XCConfigurationList;
			buildConfigurations = (
				185A73CF1B32B53000D1869B /* Debug */,
				185A73D01B32B53000D1869B /* Release */,
			);
			defaultConfigurationIsVisible = 0;
			defaultConfigurationName = Release;
		};
/* End XCConfigurationList section */
	};
	rootObject = 185A73A31B32B53000D1869B /* Project object */;
}
